
Microsoft Visual Studio Solution File, Format Version 12.00
# Visual Studio Version 17
VisualStudioVersion = 17.14.36414.22 d17.14
MinimumVisualStudioVersion = 10.0.40219.1
Project("{FAE04EC0-301F-11D3-BF4B-00C04F79EFBC}") = "WPF CAN Tool", "WPF CAN Tool\WPF CAN Tool.csproj", "{B262F693-4444-40A0-B1F7-ADFB97015905}"
EndProject
Global
	GlobalSection(SolutionConfigurationPlatforms) = preSolution
		Debug|Any CPU = Debug|Any CPU
		Release|Any CPU = Release|Any CPU
	EndGlobalSection
	GlobalSection(ProjectConfigurationPlatforms) = postSolution
		{B262F693-4444-40A0-B1F7-ADFB97015905}.Debug|Any CPU.ActiveCfg = Debug|Any CPU
		{B262F693-4444-40A0-B1F7-ADFB97015905}.Debug|Any CPU.Build.0 = Debug|Any CPU
		{B262F693-4444-40A0-B1F7-ADFB97015905}.Release|Any CPU.ActiveCfg = Release|Any CPU
		{B262F693-4444-40A0-B1F7-ADFB97015905}.Release|Any CPU.Build.0 = Release|Any CPU
	EndGlobalSection
	GlobalSection(SolutionProperties) = preSolution
		HideSolutionNode = FALSE
	EndGlobalSection
	GlobalSection(ExtensibilityGlobals) = postSolution
		SolutionGuid = {8061DCA8-A9F8-4D06-A0D9-7CAE877AC614}
	EndGlobalSection
EndGlobal
